
Microsoft Visual Studio Solution File, Format Version 12.00
# Visual Studio Version 17
VisualStudioVersion = 17.14.36109.1
MinimumVisualStudioVersion = 10.0.40219.1
Project("{FAE04EC0-301F-11D3-BF4B-00C04F79EFBC}") = "Domain", "Domain\Domain.csproj", "{FBBEC45D-4AD9-476C-AFC6-69F151E47B36}"
EndProject
Project("{FAE04EC0-301F-11D3-BF4B-00C04F79EFBC}") = "Infra", "Infra\Infra.csproj", "{9F8F7565-6B8C-4BE0-8647-B6CFB9E794A9}"
EndProject
Project("{FAE04EC0-301F-11D3-BF4B-00C04F79EFBC}") = "App", "App\App.csproj", "{005A936C-56D1-4081-873C-E6B75EB4FEAD}"
EndProject
Project("{FAE04EC0-301F-11D3-BF4B-00C04F79EFBC}") = "PedidosAPI", "PedidosAPI\PedidosAPI.csproj", "{2DB4E28B-5D5D-41A4-9525-1B12B8914D24}"
EndProject
Global
	GlobalSection(SolutionConfigurationPlatforms) = preSolution
		Debug|Any CPU = Debug|Any CPU
		Release|Any CPU = Release|Any CPU
	EndGlobalSection
	GlobalSection(ProjectConfigurationPlatforms) = postSolution
		{FBBEC45D-4AD9-476C-AFC6-69F151E47B36}.Debug|Any CPU.ActiveCfg = Debug|Any CPU
		{FBBEC45D-4AD9-476C-AFC6-69F151E47B36}.Debug|Any CPU.Build.0 = Debug|Any CPU
		{FBBEC45D-4AD9-476C-AFC6-69F151E47B36}.Release|Any CPU.ActiveCfg = Release|Any CPU
		{FBBEC45D-4AD9-476C-AFC6-69F151E47B36}.Release|Any CPU.Build.0 = Release|Any CPU
		{9F8F7565-6B8C-4BE0-8647-B6CFB9E794A9}.Debug|Any CPU.ActiveCfg = Debug|Any CPU
		{9F8F7565-6B8C-4BE0-8647-B6CFB9E794A9}.Debug|Any CPU.Build.0 = Debug|Any CPU
		{9F8F7565-6B8C-4BE0-8647-B6CFB9E794A9}.Release|Any CPU.ActiveCfg = Release|Any CPU
		{9F8F7565-6B8C-4BE0-8647-B6CFB9E794A9}.Release|Any CPU.Build.0 = Release|Any CPU
		{005A936C-56D1-4081-873C-E6B75EB4FEAD}.Debug|Any CPU.ActiveCfg = Debug|Any CPU
		{005A936C-56D1-4081-873C-E6B75EB4FEAD}.Debug|Any CPU.Build.0 = Debug|Any CPU
		{005A936C-56D1-4081-873C-E6B75EB4FEAD}.Release|Any CPU.ActiveCfg = Release|Any CPU
		{005A936C-56D1-4081-873C-E6B75EB4FEAD}.Release|Any CPU.Build.0 = Release|Any CPU
		{2DB4E28B-5D5D-41A4-9525-1B12B8914D24}.Debug|Any CPU.ActiveCfg = Debug|Any CPU
		{2DB4E28B-5D5D-41A4-9525-1B12B8914D24}.Debug|Any CPU.Build.0 = Debug|Any CPU
		{2DB4E28B-5D5D-41A4-9525-1B12B8914D24}.Release|Any CPU.ActiveCfg = Release|Any CPU
		{2DB4E28B-5D5D-41A4-9525-1B12B8914D24}.Release|Any CPU.Build.0 = Release|Any CPU
	EndGlobalSection
	GlobalSection(SolutionProperties) = preSolution
		HideSolutionNode = FALSE
	EndGlobalSection
	GlobalSection(ExtensibilityGlobals) = postSolution
		SolutionGuid = {2E320080-6075-4535-A234-3FDD1E5A6227}
	EndGlobalSection
EndGlobal
